
Microsoft Visual Studio Solution File, Format Version 12.00
# Visual Studio Version 17
VisualStudioVersion = 17.7.34031.279
MinimumVisualStudioVersion = 10.0.40219.1
Project("{9A19103F-16F7-4668-BE54-9A1E7A4F7556}") = "AdoNet", "AdoNet.csproj", "{730DBDDA-E916-4973-808A-4F44E2BDB243}"
EndProject
Project("{2150E333-8FDC-42A3-9474-1A3956D46DE8}") = "Solution Items", "Solution Items", "{C6A2FE40-BDBB-4511-B3AA-450958C4007F}"
	ProjectSection(SolutionItems) = preProject
		.editorconfig = .editorconfig
	EndProjectSection
EndProject
Global
	GlobalSection(SolutionConfigurationPlatforms) = preSolution
		Debug|Any CPU = Debug|Any CPU
		Release|Any CPU = Release|Any CPU
	EndGlobalSection
	GlobalSection(ProjectConfigurationPlatforms) = postSolution
		{730DBDDA-E916-4973-808A-4F44E2BDB243}.Debug|Any CPU.ActiveCfg = Debug|Any CPU
		{730DBDDA-E916-4973-808A-4F44E2BDB243}.Debug|Any CPU.Build.0 = Debug|Any CPU
		{730DBDDA-E916-4973-808A-4F44E2BDB243}.Release|Any CPU.ActiveCfg = Release|Any CPU
		{730DBDDA-E916-4973-808A-4F44E2BDB243}.Release|Any CPU.Build.0 = Release|Any CPU
	EndGlobalSection
	GlobalSection(SolutionProperties) = preSolution
		HideSolutionNode = FALSE
	EndGlobalSection
	GlobalSection(ExtensibilityGlobals) = postSolution
		SolutionGuid = {BCBBBD99-C60F-4CFB-B6DD-C1ABCA784ED6}
	EndGlobalSection
EndGlobal
